
Microsoft Visual Studio Solution File, Format Version 12.00
# Visual Studio Version 17
VisualStudioVersion = 17.5.33516.290
MinimumVisualStudioVersion = 10.0.40219.1
Project("{FAE04EC0-301F-11D3-BF4B-00C04F79EFBC}") = "RetailStoreWebApi", "RetailStoreWebApi\RetailStoreWebApi.csproj", "{938E1E40-1506-4490-9A20-A8208527370F}"
EndProject
Project("{FAE04EC0-301F-11D3-BF4B-00C04F79EFBC}") = "RetailStoreWebApi.DataAccess", "RetailStoreWebApi.DataAccess\RetailStoreWebApi.DataAccess.csproj", "{195DEB5F-442B-409C-92A5-1BEAB40A1AD9}"
EndProject
Project("{FAE04EC0-301F-11D3-BF4B-00C04F79EFBC}") = "RetailStoreWebApi.Core", "RetailStoreWebApi.Core\RetailStoreWebApi.Core.csproj", "{4CF552D5-C157-40E7-9CAF-7073405CBF22}"
EndProject
Project("{FAE04EC0-301F-11D3-BF4B-00C04F79EFBC}") = "RetailStoreWebApi.Business", "RetailStoreWebApi.Business\RetailStoreWebApi.Business.csproj", "{86EEC9B5-6350-4D21-AA1B-00150604B5C9}"
EndProject
Global
	GlobalSection(SolutionConfigurationPlatforms) = preSolution
		Debug|Any CPU = Debug|Any CPU
		Release|Any CPU = Release|Any CPU
	EndGlobalSection
	GlobalSection(ProjectConfigurationPlatforms) = postSolution
		{938E1E40-1506-4490-9A20-A8208527370F}.Debug|Any CPU.ActiveCfg = Debug|Any CPU
		{938E1E40-1506-4490-9A20-A8208527370F}.Debug|Any CPU.Build.0 = Debug|Any CPU
		{938E1E40-1506-4490-9A20-A8208527370F}.Release|Any CPU.ActiveCfg = Release|Any CPU
		{938E1E40-1506-4490-9A20-A8208527370F}.Release|Any CPU.Build.0 = Release|Any CPU
		{195DEB5F-442B-409C-92A5-1BEAB40A1AD9}.Debug|Any CPU.ActiveCfg = Debug|Any CPU
		{195DEB5F-442B-409C-92A5-1BEAB40A1AD9}.Debug|Any CPU.Build.0 = Debug|Any CPU
		{195DEB5F-442B-409C-92A5-1BEAB40A1AD9}.Release|Any CPU.ActiveCfg = Release|Any CPU
		{195DEB5F-442B-409C-92A5-1BEAB40A1AD9}.Release|Any CPU.Build.0 = Release|Any CPU
		{4CF552D5-C157-40E7-9CAF-7073405CBF22}.Debug|Any CPU.ActiveCfg = Debug|Any CPU
		{4CF552D5-C157-40E7-9CAF-7073405CBF22}.Debug|Any CPU.Build.0 = Debug|Any CPU
		{4CF552D5-C157-40E7-9CAF-7073405CBF22}.Release|Any CPU.ActiveCfg = Release|Any CPU
		{4CF552D5-C157-40E7-9CAF-7073405CBF22}.Release|Any CPU.Build.0 = Release|Any CPU
		{86EEC9B5-6350-4D21-AA1B-00150604B5C9}.Debug|Any CPU.ActiveCfg = Debug|Any CPU
		{86EEC9B5-6350-4D21-AA1B-00150604B5C9}.Debug|Any CPU.Build.0 = Debug|Any CPU
		{86EEC9B5-6350-4D21-AA1B-00150604B5C9}.Release|Any CPU.ActiveCfg = Release|Any CPU
		{86EEC9B5-6350-4D21-AA1B-00150604B5C9}.Release|Any CPU.Build.0 = Release|Any CPU
	EndGlobalSection
	GlobalSection(SolutionProperties) = preSolution
		HideSolutionNode = FALSE
	EndGlobalSection
	GlobalSection(ExtensibilityGlobals) = postSolution
		SolutionGuid = {B278FAB9-C06A-49B4-8DD2-E35ACB4008AF}
	EndGlobalSection
EndGlobal
