
Microsoft Visual Studio Solution File, Format Version 12.00
# Visual Studio Version 17
VisualStudioVersion = 17.5.33516.290
MinimumVisualStudioVersion = 10.0.40219.1
Project("{FAE04EC0-301F-11D3-BF4B-00C04F79EFBC}") = "RetailStoreWebApp", "RetailStoreWebApp\RetailStoreWebApp.csproj", "{78D7B142-408E-4AC6-A694-EC41F9627075}"
EndProject
Project("{FAE04EC0-301F-11D3-BF4B-00C04F79EFBC}") = "RetailStoreWebApp.Core", "RetailStoreWebApp.Core\RetailStoreWebApp.Core.csproj", "{27376EF4-0478-4E76-A12C-D93948DC2C62}"
EndProject
Project("{FAE04EC0-301F-11D3-BF4B-00C04F79EFBC}") = "RetailStoreWebApp.Business", "RetailStoreWebApp.Business\RetailStoreWebApp.Business.csproj", "{4576C44E-A791-40A4-AB53-9EA79304A827}"
EndProject
Project("{FAE04EC0-301F-11D3-BF4B-00C04F79EFBC}") = "RetailStoreWebApp.DataAccess", "RetailStoreWebApp.DataAccess\RetailStoreWebApp.DataAccess.csproj", "{475302F1-F481-4051-ABF3-B5D148167562}"
EndProject
Global
	GlobalSection(SolutionConfigurationPlatforms) = preSolution
		Debug|Any CPU = Debug|Any CPU
		Release|Any CPU = Release|Any CPU
	EndGlobalSection
	GlobalSection(ProjectConfigurationPlatforms) = postSolution
		{78D7B142-408E-4AC6-A694-EC41F9627075}.Debug|Any CPU.ActiveCfg = Debug|Any CPU
		{78D7B142-408E-4AC6-A694-EC41F9627075}.Debug|Any CPU.Build.0 = Debug|Any CPU
		{78D7B142-408E-4AC6-A694-EC41F9627075}.Release|Any CPU.ActiveCfg = Release|Any CPU
		{78D7B142-408E-4AC6-A694-EC41F9627075}.Release|Any CPU.Build.0 = Release|Any CPU
		{27376EF4-0478-4E76-A12C-D93948DC2C62}.Debug|Any CPU.ActiveCfg = Debug|Any CPU
		{27376EF4-0478-4E76-A12C-D93948DC2C62}.Debug|Any CPU.Build.0 = Debug|Any CPU
		{27376EF4-0478-4E76-A12C-D93948DC2C62}.Release|Any CPU.ActiveCfg = Release|Any CPU
		{27376EF4-0478-4E76-A12C-D93948DC2C62}.Release|Any CPU.Build.0 = Release|Any CPU
		{4576C44E-A791-40A4-AB53-9EA79304A827}.Debug|Any CPU.ActiveCfg = Debug|Any CPU
		{4576C44E-A791-40A4-AB53-9EA79304A827}.Debug|Any CPU.Build.0 = Debug|Any CPU
		{4576C44E-A791-40A4-AB53-9EA79304A827}.Release|Any CPU.ActiveCfg = Release|Any CPU
		{4576C44E-A791-40A4-AB53-9EA79304A827}.Release|Any CPU.Build.0 = Release|Any CPU
		{475302F1-F481-4051-ABF3-B5D148167562}.Debug|Any CPU.ActiveCfg = Debug|Any CPU
		{475302F1-F481-4051-ABF3-B5D148167562}.Debug|Any CPU.Build.0 = Debug|Any CPU
		{475302F1-F481-4051-ABF3-B5D148167562}.Release|Any CPU.ActiveCfg = Release|Any CPU
		{475302F1-F481-4051-ABF3-B5D148167562}.Release|Any CPU.Build.0 = Release|Any CPU
	EndGlobalSection
	GlobalSection(SolutionProperties) = preSolution
		HideSolutionNode = FALSE
	EndGlobalSection
	GlobalSection(ExtensibilityGlobals) = postSolution
		SolutionGuid = {FA93E13F-1D76-43E6-A80F-6023AF6F53E8}
	EndGlobalSection
EndGlobal
